
Microsoft Visual Studio Solution File, Format Version 12.00
# Visual Studio 2013
VisualStudioVersion = 12.0.31101.0
MinimumVisualStudioVersion = 10.0.40219.1
Project("{CC5FD16D-436D-48AD-A40C-5A424C6E3E79}") = "GitTest", "GitTest\GitTest.ccproj", "{3EFC31E4-EDF3-45FA-9D33-D742B5138C7C}"
EndProject
Project("{FAE04EC0-301F-11D3-BF4B-00C04F79EFBC}") = "WebRole1", "WebRole1\WebRole1.csproj", "{F0F8E3A5-AEC2-4EA9-96AB-080EE13C8FF8}"
EndProject
Global
	GlobalSection(SolutionConfigurationPlatforms) = preSolution
		Debug|Any CPU = Debug|Any CPU
		Release|Any CPU = Release|Any CPU
	EndGlobalSection
	GlobalSection(ProjectConfigurationPlatforms) = postSolution
		{3EFC31E4-EDF3-45FA-9D33-D742B5138C7C}.Debug|Any CPU.ActiveCfg = Debug|Any CPU
		{3EFC31E4-EDF3-45FA-9D33-D742B5138C7C}.Debug|Any CPU.Build.0 = Debug|Any CPU
		{3EFC31E4-EDF3-45FA-9D33-D742B5138C7C}.Release|Any CPU.ActiveCfg = Release|Any CPU
		{3EFC31E4-EDF3-45FA-9D33-D742B5138C7C}.Release|Any CPU.Build.0 = Release|Any CPU
		{F0F8E3A5-AEC2-4EA9-96AB-080EE13C8FF8}.Debug|Any CPU.ActiveCfg = Debug|Any CPU
		{F0F8E3A5-AEC2-4EA9-96AB-080EE13C8FF8}.Debug|Any CPU.Build.0 = Debug|Any CPU
		{F0F8E3A5-AEC2-4EA9-96AB-080EE13C8FF8}.Release|Any CPU.ActiveCfg = Release|Any CPU
		{F0F8E3A5-AEC2-4EA9-96AB-080EE13C8FF8}.Release|Any CPU.Build.0 = Release|Any CPU
	EndGlobalSection
	GlobalSection(SolutionProperties) = preSolution
		HideSolutionNode = FALSE
	EndGlobalSection
EndGlobal
